
Microsoft Visual Studio Solution File, Format Version 12.00
# Visual Studio Version 17
VisualStudioVersion = 17.10.35004.147
MinimumVisualStudioVersion = 10.0.40219.1
Project("{FAE04EC0-301F-11D3-BF4B-00C04F79EFBC}") = "DiabloLauncher", "DiabloLauncher\DiabloLauncher.csproj", "{3CFB8E8F-B512-4D8C-ACD1-FFA9CBF4E946}"
EndProject
Global
	GlobalSection(SolutionConfigurationPlatforms) = preSolution
		Debug|Any CPU = Debug|Any CPU
		Release|Any CPU = Release|Any CPU
	EndGlobalSection
	GlobalSection(ProjectConfigurationPlatforms) = postSolution
		{3CFB8E8F-B512-4D8C-ACD1-FFA9CBF4E946}.Debug|Any CPU.ActiveCfg = Debug|Any CPU
		{3CFB8E8F-B512-4D8C-ACD1-FFA9CBF4E946}.Debug|Any CPU.Build.0 = Debug|Any CPU
		{3CFB8E8F-B512-4D8C-ACD1-FFA9CBF4E946}.Release|Any CPU.ActiveCfg = Release|Any CPU
		{3CFB8E8F-B512-4D8C-ACD1-FFA9CBF4E946}.Release|Any CPU.Build.0 = Release|Any CPU
	EndGlobalSection
	GlobalSection(SolutionProperties) = preSolution
		HideSolutionNode = FALSE
	EndGlobalSection
	GlobalSection(ExtensibilityGlobals) = postSolution
		SolutionGuid = {2640CD6F-A4D2-4F5C-98CA-25A75F1345D1}
	EndGlobalSection
EndGlobal
